
Microsoft Visual Studio Solution File, Format Version 12.00
# Visual Studio 15
VisualStudioVersion = 15.0.27406.0
MinimumVisualStudioVersion = 10.0.40219.1
Project("{FAE04EC0-301F-11D3-BF4B-00C04F79EFBC}") = "DroneSimulator", "DroneSimulator\DroneSimulator.csproj", "{39880D07-68D4-4555-B610-F5ABD6E8FF59}"
EndProject
Project("{FAE04EC0-301F-11D3-BF4B-00C04F79EFBC}") = "DronePost", "DronePost\DronePost.csproj", "{1EB06752-71D3-4DF7-8B4D-7295B4C1A7B8}"
EndProject
Project("{FAE04EC0-301F-11D3-BF4B-00C04F79EFBC}") = "Core", "CoreSimulator\Core.csproj", "{03681661-2973-4FE9-BA51-D40C3BDAE0A0}"
EndProject
Project("{FAE04EC0-301F-11D3-BF4B-00C04F79EFBC}") = "StationSimulator", "StationSimulator\StationSimulator.csproj", "{49E5B070-9BE3-49A8-9903-C8CA0DC09C74}"
EndProject
Global
	GlobalSection(SolutionConfigurationPlatforms) = preSolution
		Debug|Any CPU = Debug|Any CPU
		Development|Any CPU = Development|Any CPU
		Release|Any CPU = Release|Any CPU
	EndGlobalSection
	GlobalSection(ProjectConfigurationPlatforms) = postSolution
		{39880D07-68D4-4555-B610-F5ABD6E8FF59}.Debug|Any CPU.ActiveCfg = Debug|Any CPU
		{39880D07-68D4-4555-B610-F5ABD6E8FF59}.Debug|Any CPU.Build.0 = Debug|Any CPU
		{39880D07-68D4-4555-B610-F5ABD6E8FF59}.Development|Any CPU.ActiveCfg = Debug|Any CPU
		{39880D07-68D4-4555-B610-F5ABD6E8FF59}.Development|Any CPU.Build.0 = Debug|Any CPU
		{39880D07-68D4-4555-B610-F5ABD6E8FF59}.Release|Any CPU.ActiveCfg = Release|Any CPU
		{39880D07-68D4-4555-B610-F5ABD6E8FF59}.Release|Any CPU.Build.0 = Release|Any CPU
		{1EB06752-71D3-4DF7-8B4D-7295B4C1A7B8}.Debug|Any CPU.ActiveCfg = Debug|Any CPU
		{1EB06752-71D3-4DF7-8B4D-7295B4C1A7B8}.Debug|Any CPU.Build.0 = Debug|Any CPU
		{1EB06752-71D3-4DF7-8B4D-7295B4C1A7B8}.Development|Any CPU.ActiveCfg = Debug|Any CPU
		{1EB06752-71D3-4DF7-8B4D-7295B4C1A7B8}.Development|Any CPU.Build.0 = Debug|Any CPU
		{1EB06752-71D3-4DF7-8B4D-7295B4C1A7B8}.Release|Any CPU.ActiveCfg = Release|Any CPU
		{1EB06752-71D3-4DF7-8B4D-7295B4C1A7B8}.Release|Any CPU.Build.0 = Release|Any CPU
		{03681661-2973-4FE9-BA51-D40C3BDAE0A0}.Debug|Any CPU.ActiveCfg = Debug|Any CPU
		{03681661-2973-4FE9-BA51-D40C3BDAE0A0}.Debug|Any CPU.Build.0 = Debug|Any CPU
		{03681661-2973-4FE9-BA51-D40C3BDAE0A0}.Development|Any CPU.ActiveCfg = Debug|Any CPU
		{03681661-2973-4FE9-BA51-D40C3BDAE0A0}.Development|Any CPU.Build.0 = Debug|Any CPU
		{03681661-2973-4FE9-BA51-D40C3BDAE0A0}.Release|Any CPU.ActiveCfg = Release|Any CPU
		{03681661-2973-4FE9-BA51-D40C3BDAE0A0}.Release|Any CPU.Build.0 = Release|Any CPU
		{49E5B070-9BE3-49A8-9903-C8CA0DC09C74}.Debug|Any CPU.ActiveCfg = Debug|Any CPU
		{49E5B070-9BE3-49A8-9903-C8CA0DC09C74}.Debug|Any CPU.Build.0 = Debug|Any CPU
		{49E5B070-9BE3-49A8-9903-C8CA0DC09C74}.Development|Any CPU.ActiveCfg = Debug|Any CPU
		{49E5B070-9BE3-49A8-9903-C8CA0DC09C74}.Development|Any CPU.Build.0 = Debug|Any CPU
		{49E5B070-9BE3-49A8-9903-C8CA0DC09C74}.Release|Any CPU.ActiveCfg = Release|Any CPU
		{49E5B070-9BE3-49A8-9903-C8CA0DC09C74}.Release|Any CPU.Build.0 = Release|Any CPU
	EndGlobalSection
	GlobalSection(SolutionProperties) = preSolution
		HideSolutionNode = FALSE
	EndGlobalSection
	GlobalSection(ExtensibilityGlobals) = postSolution
		SolutionGuid = {366BBB98-068B-410C-84C3-8B2F6E049696}
	EndGlobalSection
EndGlobal
